
Microsoft Visual Studio Solution File, Format Version 12.00
# Visual Studio Version 16
VisualStudioVersion = 16.0.29418.71
MinimumVisualStudioVersion = 10.0.40219.1
Project("{FAE04EC0-301F-11D3-BF4B-00C04F79EFBC}") = "TrashCollector", "TrashCollector\TrashCollector.csproj", "{D13B1866-7E47-40EB-9335-6FDE383D02FD}"
EndProject
Global
	GlobalSection(SolutionConfigurationPlatforms) = preSolution
		Debug|Any CPU = Debug|Any CPU
		Release|Any CPU = Release|Any CPU
	EndGlobalSection
	GlobalSection(ProjectConfigurationPlatforms) = postSolution
		{D13B1866-7E47-40EB-9335-6FDE383D02FD}.Debug|Any CPU.ActiveCfg = Debug|Any CPU
		{D13B1866-7E47-40EB-9335-6FDE383D02FD}.Debug|Any CPU.Build.0 = Debug|Any CPU
		{D13B1866-7E47-40EB-9335-6FDE383D02FD}.Release|Any CPU.ActiveCfg = Release|Any CPU
		{D13B1866-7E47-40EB-9335-6FDE383D02FD}.Release|Any CPU.Build.0 = Release|Any CPU
	EndGlobalSection
	GlobalSection(SolutionProperties) = preSolution
		HideSolutionNode = FALSE
	EndGlobalSection
	GlobalSection(ExtensibilityGlobals) = postSolution
		SolutionGuid = {8A1A42C5-2DB8-424B-AC03-614D39081D6C}
	EndGlobalSection
EndGlobal
